
Microsoft Visual Studio Solution File, Format Version 12.00
# Visual Studio Version 17
VisualStudioVersion = 17.10.35013.160
MinimumVisualStudioVersion = 10.0.40219.1
Project("{FAE04EC0-301F-11D3-BF4B-00C04F79EFBC}") = "APIExamples", "APIExamples\APIExamples.csproj", "{A1711F83-25D2-43F3-8657-F905370593DC}"
EndProject
Global
	GlobalSection(SolutionConfigurationPlatforms) = preSolution
		Debug|Any CPU = Debug|Any CPU
		Release|Any CPU = Release|Any CPU
	EndGlobalSection
	GlobalSection(ProjectConfigurationPlatforms) = postSolution
		{A1711F83-25D2-43F3-8657-F905370593DC}.Debug|Any CPU.ActiveCfg = Debug|Any CPU
		{A1711F83-25D2-43F3-8657-F905370593DC}.Debug|Any CPU.Build.0 = Debug|Any CPU
		{A1711F83-25D2-43F3-8657-F905370593DC}.Release|Any CPU.ActiveCfg = Release|Any CPU
		{A1711F83-25D2-43F3-8657-F905370593DC}.Release|Any CPU.Build.0 = Release|Any CPU
	EndGlobalSection
	GlobalSection(SolutionProperties) = preSolution
		HideSolutionNode = FALSE
	EndGlobalSection
	GlobalSection(ExtensibilityGlobals) = postSolution
		SolutionGuid = {A7978693-D450-4690-8FAA-37F8634F786A}
	EndGlobalSection
EndGlobal
